// !$*UTF8*$!
{
	archiveVersion = 1;
	classes = {
	};
	objectVersion = 46;
	objects = {

/* Begin PBXBuildFile section */
		B92A24F619F516ED002B2BEE /* main.m in Sources */ = {isa = PBXBuildFile; fileRef = B92A24F519F516ED002B2BEE /* main.m */; };
		B92A24F919F516ED002B2BEE /* AppDelegate.m in Sources */ = {isa = PBXBuildFile; fileRef = B92A24F819F516ED002B2BEE /* AppDelegate.m */; };
		B92A24FC19F516ED002B2BEE /* MasterViewController.m in Sources */ = {isa = PBXBuildFile; fileRef = B92A24FB19F516ED002B2BEE /* MasterViewController.m */; };
		B92A24FF19F516ED002B2BEE /* DetailViewController.m in Sources */ = {isa = PBXBuildFile; fileRef = B92A24FE19F516ED002B2BEE /* DetailViewController.m */; };
		B92A250219F516ED002B2BEE /* Main.storyboard in Resources */ = {isa = PBXBuildFile; fileRef = B92A250019F516ED002B2BEE /* Main.storyboard */; };
		B92A250419F516ED002B2BEE /* Images.xcassets in Resources */ = {isa = PBXBuildFile; fileRef = B92A250319F516ED002B2BEE /* Images.xcassets */; };
		B92A250719F516ED002B2BEE /* LaunchScreen.xib in Resources */ = {isa = PBXBuildFile; fileRef = B92A250519F516ED002B2BEE /* LaunchScreen.xib */; };
		B92A251319F516ED002B2BEE /* SwipeYourSisterTests.m in Sources */ = {isa = PBXBuildFile; fileRef = B92A251219F516ED002B2BEE /* SwipeYourSisterTests.m */; };
		B92A251E19F518C6002B2BEE /* StrangeCell.m in Sources */ = {isa = PBXBuildFile; fileRef = B92A251D19F518C6002B2BEE /* StrangeCell.m */; };
/* End PBXBuildFile section */

/* Begin PBXContainerItemProxy section */
		B92A250D19F516ED002B2BEE /* PBXContainerItemProxy */ = {
			isa = PBXContainerItemProxy;
			containerPortal = B92A24E819F516ED002B2BEE /* Project object */;
			proxyType = 1;
			remoteGlobalIDString = B92A24EF19F516ED002B2BEE;
			remoteInfo = SwipeYourSister;
		};
/* End PBXContainerItemProxy section */

/* Begin PBXFileReference section */
		B92A24F019F516ED002B2BEE /* SwipeYourSister.app */ = {isa = PBXFileReference; explicitFileType = wrapper.application; includeInIndex = 0; path = SwipeYourSister.app; sourceTree = BUILT_PRODUCTS_DIR; };
		B92A24F419F516ED002B2BEE /* Info.plist */ = {isa = PBXFileReference; lastKnownFileType = text.plist.xml; path = Info.plist; sourceTree = "<group>"; };
		B92A24F519F516ED002B2BEE /* main.m */ = {isa = PBXFileReference; lastKnownFileType = sourcecode.c.objc; path = main.m; sourceTree = "<group>"; };
		B92A24F719F516ED002B2BEE /* AppDelegate.h */ = {isa = PBXFileReference; lastKnownFileType = sourcecode.c.h; path = AppDelegate.h; sourceTree = "<group>"; };
		B92A24F819F516ED002B2BEE /* AppDelegate.m */ = {isa = PBXFileReference; lastKnownFileType = sourcecode.c.objc; path = AppDelegate.m; sourceTree = "<group>"; };
		B92A24FA19F516ED002B2BEE /* MasterViewController.h */ = {isa = PBXFileReference; lastKnownFileType = sourcecode.c.h; path = MasterViewController.h; sourceTree = "<group>"; };
		B92A24FB19F516ED002B2BEE /* MasterViewController.m */ = {isa = PBXFileReference; lastKnownFileType = sourcecode.c.objc; path = MasterViewController.m; sourceTree = "<group>"; };
		B92A24FD19F516ED002B2BEE /* DetailViewController.h */ = {isa = PBXFileReference; lastKnownFileType = sourcecode.c.h; path = DetailViewController.h; sourceTree = "<group>"; };
		B92A24FE19F516ED002B2BEE /* DetailViewController.m */ = {isa = PBXFileReference; lastKnownFileType = sourcecode.c.objc; path = DetailViewController.m; sourceTree = "<group>"; };
		B92A250119F516ED002B2BEE /* Base */ = {isa = PBXFileReference; lastKnownFileType = file.storyboard; name = Base; path = Base.lproj/Main.storyboard; sourceTree = "<group>"; };
		B92A250319F516ED002B2BEE /* Images.xcassets */ = {isa = PBXFileReference; lastKnownFileType = folder.assetcatalog; path = Images.xcassets; sourceTree = "<group>"; };
		B92A250619F516ED002B2BEE /* Base */ = {isa = PBXFileReference; lastKnownFileType = file.xib; name = Base; path = Base.lproj/LaunchScreen.xib; sourceTree = "<group>"; };
		B92A250C19F516ED002B2BEE /* SwipeYourSisterTests.xctest */ = {isa = PBXFileReference; explicitFileType = wrapper.cfbundle; includeInIndex = 0; path = SwipeYourSisterTests.xctest; sourceTree = BUILT_PRODUCTS_DIR; };
		B92A251119F516ED002B2BEE /* Info.plist */ = {isa = PBXFileReference; lastKnownFileType = text.plist.xml; path = Info.plist; sourceTree = "<group>"; };
		B92A251219F516ED002B2BEE /* SwipeYourSisterTests.m */ = {isa = PBXFileReference; lastKnownFileType = sourcecode.c.objc; path = SwipeYourSisterTests.m; sourceTree = "<group>"; };
		B92A251C19F518C6002B2BEE /* StrangeCell.h */ = {isa = PBXFileReference; fileEncoding = 4; lastKnownFileType = sourcecode.c.h; path = StrangeCell.h; sourceTree = "<group>"; };
		B92A251D19F518C6002B2BEE /* StrangeCell.m */ = {isa = PBXFileReference; fileEncoding = 4; lastKnownFileType = sourcecode.c.objc; path = StrangeCell.m; sourceTree = "<group>"; };
/* End PBXFileReference section */

/* Begin PBXFrameworksBuildPhase section */
		B92A24ED19F516ED002B2BEE /* Frameworks */ = {
			isa = PBXFrameworksBuildPhase;
			buildActionMask = 2147483647;
			files = (
			);
			runOnlyForDeploymentPostprocessing = 0;
		};
		B92A250919F516ED002B2BEE /* Frameworks */ = {
			isa = PBXFrameworksBuildPhase;
			buildActionMask = 2147483647;
			files = (
			);
			runOnlyForDeploymentPostprocessing = 0;
		};
/* End PBXFrameworksBuildPhase section */

/* Begin PBXGroup section */
		B92A24E719F516ED002B2BEE = {
			isa = PBXGroup;
			children = (
				B92A24F219F516ED002B2BEE /* SwipeYourSister */,
				B92A250F19F516ED002B2BEE /* SwipeYourSisterTests */,
				B92A24F119F516ED002B2BEE /* Products */,
			);
			sourceTree = "<group>";
		};
		B92A24F119F516ED002B2BEE /* Products */ = {
			isa = PBXGroup;
			children = (
				B92A24F019F516ED002B2BEE /* SwipeYourSister.app */,
				B92A250C19F516ED002B2BEE /* SwipeYourSisterTests.xctest */,
			);
			name = Products;
			sourceTree = "<group>";
		};
		B92A24F219F516ED002B2BEE /* SwipeYourSister */ = {
			isa = PBXGroup;
			children = (
				B92A24F719F516ED002B2BEE /* AppDelegate.h */,
				B92A24F819F516ED002B2BEE /* AppDelegate.m */,
				B92A24FA19F516ED002B2BEE /* MasterViewController.h */,
				B92A24FB19F516ED002B2BEE /* MasterViewController.m */,
				B92A24FD19F516ED002B2BEE /* DetailViewController.h */,
				B92A24FE19F516ED002B2BEE /* DetailViewController.m */,
				B92A250019F516ED002B2BEE /* Main.storyboard */,
				B92A250319F516ED002B2BEE /* Images.xcassets */,
				B92A250519F516ED002B2BEE /* LaunchScreen.xib */,
				B92A24F319F516ED002B2BEE /* Supporting Files */,
				B92A251C19F518C6002B2BEE /* StrangeCell.h */,
				B92A251D19F518C6002B2BEE /* StrangeCell.m */,
			);
			path = SwipeYourSister;
			sourceTree = "<group>";
		};
		B92A24F319F516ED002B2BEE /* Supporting Files */ = {
			isa = PBXGroup;
			children = (
				B92A24F419F516ED002B2BEE /* Info.plist */,
				B92A24F519F516ED002B2BEE /* main.m */,
			);
			name = "Supporting Files";
			sourceTree = "<group>";
		};
		B92A250F19F516ED002B2BEE /* SwipeYourSisterTests */ = {
			isa = PBXGroup;
			children = (
				B92A251219F516ED002B2BEE /* SwipeYourSisterTests.m */,
				B92A251019F516ED002B2BEE /* Supporting Files */,
			);
			path = SwipeYourSisterTests;
			sourceTree = "<group>";
		};
		B92A251019F516ED002B2BEE /* Supporting Files */ = {
			isa = PBXGroup;
			children = (
				B92A251119F516ED002B2BEE /* Info.plist */,
			);
			name = "Supporting Files";
			sourceTree = "<group>";
		};
/* End PBXGroup section */

/* Begin PBXNativeTarget section */
		B92A24EF19F516ED002B2BEE /* SwipeYourSister */ = {
			isa = PBXNativeTarget;
			buildConfigurationList = B92A251619F516ED002B2BEE /* Build configuration list for PBXNativeTarget "SwipeYourSister" */;
			buildPhases = (
				B92A24EC19F516ED002B2BEE /* Sources */,
				B92A24ED19F516ED002B2BEE /* Frameworks */,
				B92A24EE19F516ED002B2BEE /* Resources */,
			);
			buildRules = (
			);
			dependencies = (
			);
			name = SwipeYourSister;
			productName = SwipeYourSister;
			productReference = B92A24F019F516ED002B2BEE /* SwipeYourSister.app */;
			productType = "com.apple.product-type.application";
		};
		B92A250B19F516ED002B2BEE /* SwipeYourSisterTests */ = {
			isa = PBXNativeTarget;
			buildConfigurationList = B92A251919F516ED002B2BEE /* Build configuration list for PBXNativeTarget "SwipeYourSisterTests" */;
			buildPhases = (
				B92A250819F516ED002B2BEE /* Sources */,
				B92A250919F516ED002B2BEE /* Frameworks */,
				B92A250A19F516ED002B2BEE /* Resources */,
			);
			buildRules = (
			);
			dependencies = (
				B92A250E19F516ED002B2BEE /* PBXTargetDependency */,
			);
			name = SwipeYourSisterTests;
			productName = SwipeYourSisterTests;
			productReference = B92A250C19F516ED002B2BEE /* SwipeYourSisterTests.xctest */;
			productType = "com.apple.product-type.bundle.unit-test";
		};
/* End PBXNativeTarget section */

/* Begin PBXProject section */
		B92A24E819F516ED002B2BEE /* Project object */ = {
			isa = PBXProject;
			attributes = {
				LastUpgradeCheck = 0600;
				ORGANIZATIONNAME = CBSi;
				TargetAttributes = {
					B92A24EF19F516ED002B2BEE = {
						CreatedOnToolsVersion = 6.0.1;
					};
					B92A250B19F516ED002B2BEE = {
						CreatedOnToolsVersion = 6.0.1;
						TestTargetID = B92A24EF19F516ED002B2BEE;
					};
				};
			};
			buildConfigurationList = B92A24EB19F516ED002B2BEE /* Build configuration list for PBXProject "SwipeYourSister" */;
			compatibilityVersion = "Xcode 3.2";
			developmentRegion = English;
			hasScannedForEncodings = 0;
			knownRegions = (
				en,
				Base,
			);
			mainGroup = B92A24E719F516ED002B2BEE;
			productRefGroup = B92A24F119F516ED002B2BEE /* Products */;
			projectDirPath = "";
			projectRoot = "";
			targets = (
				B92A24EF19F516ED002B2BEE /* SwipeYourSister */,
				B92A250B19F516ED002B2BEE /* SwipeYourSisterTests */,
			);
		};
/* End PBXProject section */

/* Begin PBXResourcesBuildPhase section */
		B92A24EE19F516ED002B2BEE /* Resources */ = {
			isa = PBXResourcesBuildPhase;
			buildActionMask = 2147483647;
			files = (
				B92A250219F516ED002B2BEE /* Main.storyboard in Resources */,
				B92A250719F516ED002B2BEE /* LaunchScreen.xib in Resources */,
				B92A250419F516ED002B2BEE /* Images.xcassets in Resources */,
			);
			runOnlyForDeploymentPostprocessing = 0;
		};
		B92A250A19F516ED002B2BEE /* Resources */ = {
			isa = PBXResourcesBuildPhase;
			buildActionMask = 2147483647;
			files = (
			);
			runOnlyForDeploymentPostprocessing = 0;
		};
/* End PBXResourcesBuildPhase section */

/* Begin PBXSourcesBuildPhase section */
		B92A24EC19F516ED002B2BEE /* Sources */ = {
			isa = PBXSourcesBuildPhase;
			buildActionMask = 2147483647;
			files = (
				B92A24F919F516ED002B2BEE /* AppDelegate.m in Sources */,
				B92A251E19F518C6002B2BEE /* StrangeCell.m in Sources */,
				B92A24FC19F516ED002B2BEE /* MasterViewController.m in Sources */,
				B92A24F619F516ED002B2BEE /* main.m in Sources */,
				B92A24FF19F516ED002B2BEE /* DetailViewController.m in Sources */,
			);
			runOnlyForDeploymentPostprocessing = 0;
		};
		B92A250819F516ED002B2BEE /* Sources */ = {
			isa = PBXSourcesBuildPhase;
			buildActionMask = 2147483647;
			files = (
				B92A251319F516ED002B2BEE /* SwipeYourSisterTests.m in Sources */,
			);
			runOnlyForDeploymentPostprocessing = 0;
		};
/* End PBXSourcesBuildPhase section */

/* Begin PBXTargetDependency section */
		B92A250E19F516ED002B2BEE /* PBXTargetDependency */ = {
			isa = PBXTargetDependency;
			target = B92A24EF19F516ED002B2BEE /* SwipeYourSister */;
			targetProxy = B92A250D19F516ED002B2BEE /* PBXContainerItemProxy */;
		};
/* End PBXTargetDependency section */

/* Begin PBXVariantGroup section */
		B92A250019F516ED002B2BEE /* Main.storyboard */ = {
			isa = PBXVariantGroup;
			children = (
				B92A250119F516ED002B2BEE /* Base */,
			);
			name = Main.storyboard;
			sourceTree = "<group>";
		};
		B92A250519F516ED002B2BEE /* LaunchScreen.xib */ = {
			isa = PBXVariantGroup;
			children = (
				B92A250619F516ED002B2BEE /* Base */,
			);
			name = LaunchScreen.xib;
			sourceTree = "<group>";
		};
/* End PBXVariantGroup section */

/* Begin XCBuildConfiguration section */
		B92A251419F516ED002B2BEE /* Debug */ = {
			isa = XCBuildConfiguration;
			buildSettings = {
				ALWAYS_SEARCH_USER_PATHS = NO;
				CLANG_CXX_LANGUAGE_STANDARD = "gnu++0x";
				CLANG_CXX_LIBRARY = "libc++";
				CLANG_ENABLE_MODULES = YES;
				CLANG_ENABLE_OBJC_ARC = YES;
				CLANG_WARN_BOOL_CONVERSION = YES;
				CLANG_WARN_CONSTANT_CONVERSION = YES;
				CLANG_WARN_DIRECT_OBJC_ISA_USAGE = YES_ERROR;
				CLANG_WARN_EMPTY_BODY = YES;
				CLANG_WARN_ENUM_CONVERSION = YES;
				CLANG_WARN_INT_CONVERSION = YES;
				CLANG_WARN_OBJC_ROOT_CLASS = YES_ERROR;
				CLANG_WARN_UNREACHABLE_CODE = YES;
				CLANG_WARN__DUPLICATE_METHOD_MATCH = YES;
				"CODE_SIGN_IDENTITY[sdk=iphoneos*]" = "iPhone Developer";
				COPY_PHASE_STRIP = NO;
				ENABLE_STRICT_OBJC_MSGSEND = YES;
				GCC_C_LANGUAGE_STANDARD = gnu99;
				GCC_DYNAMIC_NO_PIC = NO;
				GCC_OPTIMIZATION_LEVEL = 0;
				GCC_PREPROCESSOR_DEFINITIONS = (
					"DEBUG=1",
					"$(inherited)",
				);
				GCC_SYMBOLS_PRIVATE_EXTERN = NO;
				GCC_WARN_64_TO_32_BIT_CONVERSION = YES;
				GCC_WARN_ABOUT_RETURN_TYPE = YES_ERROR;
				GCC_WARN_UNDECLARED_SELECTOR = YES;
				GCC_WARN_UNINITIALIZED_AUTOS = YES_AGGRESSIVE;
				GCC_WARN_UNUSED_FUNCTION = YES;
				GCC_WARN_UNUSED_VARIABLE = YES;
				IPHONEOS_DEPLOYMENT_TARGET = 8.0;
				MTL_ENABLE_DEBUG_INFO = YES;
				ONLY_ACTIVE_ARCH = YES;
				SDKROOT = iphoneos;
			};
			name = Debug;
		};
		B92A251519F516ED002B2BEE /* Release */ = {
			isa = XCBuildConfiguration;
			buildSettings = {
				ALWAYS_SEARCH_USER_PATHS = NO;
				CLANG_CXX_LANGUAGE_STANDARD = "gnu++0x";
				CLANG_CXX_LIBRARY = "libc++";
				CLANG_ENABLE_MODULES = YES;
				CLANG_ENABLE_OBJC_ARC = YES;
				CLANG_WARN_BOOL_CONVERSION = YES;
				CLANG_WARN_CONSTANT_CONVERSION = YES;
				CLANG_WARN_DIRECT_OBJC_ISA_USAGE = YES_ERROR;
				CLANG_WARN_EMPTY_BODY = YES;
				CLANG_WARN_ENUM_CONVERSION = YES;
				CLANG_WARN_INT_CONVERSION = YES;
				CLANG_WARN_OBJC_ROOT_CLASS = YES_ERROR;
				CLANG_WARN_UNREACHABLE_CODE = YES;
				CLANG_WARN__DUPLICATE_METHOD_MATCH = YES;
				"CODE_SIGN_IDENTITY[sdk=iphoneos*]" = "iPhone Developer";
				COPY_PHASE_STRIP = YES;
				ENABLE_NS_ASSERTIONS = NO;
				ENABLE_STRICT_OBJC_MSGSEND = YES;
				GCC_C_LANGUAGE_STANDARD = gnu99;
				GCC_WARN_64_TO_32_BIT_CONVERSION = YES;
				GCC_WARN_ABOUT_RETURN_TYPE = YES_ERROR;
				GCC_WARN_UNDECLARED_SELECTOR = YES;
				GCC_WARN_UNINITIALIZED_AUTOS = YES_AGGRESSIVE;
				GCC_WARN_UNUSED_FUNCTION = YES;
				GCC_WARN_UNUSED_VARIABLE = YES;
				IPHONEOS_DEPLOYMENT_TARGET = 8.0;
				MTL_ENABLE_DEBUG_INFO = NO;
				SDKROOT = iphoneos;
				VALIDATE_PRODUCT = YES;
			};
			name = Release;
		};
		B92A251719F516ED002B2BEE /* Debug */ = {
			isa = XCBuildConfiguration;
			buildSettings = {
				ASSETCATALOG_COMPILER_APPICON_NAME = AppIcon;
				INFOPLIST_FILE = SwipeYourSister/Info.plist;
				LD_RUNPATH_SEARCH_PATHS = "$(inherited) @executable_path/Frameworks";
				PRODUCT_NAME = "$(TARGET_NAME)";
			};
			name = Debug;
		};
		B92A251819F516ED002B2BEE /* Release */ = {
			isa = XCBuildConfiguration;
			buildSettings = {
				ASSETCATALOG_COMPILER_APPICON_NAME = AppIcon;
				INFOPLIST_FILE = SwipeYourSister/Info.plist;
				LD_RUNPATH_SEARCH_PATHS = "$(inherited) @executable_path/Frameworks";
				PRODUCT_NAME = "$(TARGET_NAME)";
			};
			name = Release;
		};
		B92A251A19F516ED002B2BEE /* Debug */ = {
			isa = XCBuildConfiguration;
			buildSettings = {
				BUNDLE_LOADER = "$(TEST_HOST)";
				FRAMEWORK_SEARCH_PATHS = (
					"$(SDKROOT)/Developer/Library/Frameworks",
					"$(inherited)",
				);
				GCC_PREPROCESSOR_DEFINITIONS = (
					"DEBUG=1",
					"$(inherited)",
				);
				INFOPLIST_FILE = SwipeYourSisterTests/Info.plist;
				LD_RUNPATH_SEARCH_PATHS = "$(inherited) @executable_path/Frameworks @loader_path/Frameworks";
				PRODUCT_NAME = "$(TARGET_NAME)";
				TEST_HOST = "$(BUILT_PRODUCTS_DIR)/SwipeYourSister.app/SwipeYourSister";
			};
			name = Debug;
		};
		B92A251B19F516ED002B2BEE /* Release */ = {
			isa = XCBuildConfiguration;
			buildSettings = {
				BUNDLE_LOADER = "$(TEST_HOST)";
				FRAMEWORK_SEARCH_PATHS = (
					"$(SDKROOT)/Developer/Library/Frameworks",
					"$(inherited)",
				);
				INFOPLIST_FILE = SwipeYourSisterTests/Info.plist;
				LD_RUNPATH_SEARCH_PATHS = "$(inherited) @executable_path/Frameworks @loader_path/Frameworks";
				PRODUCT_NAME = "$(TARGET_NAME)";
				TEST_HOST = "$(BUILT_PRODUCTS_DIR)/SwipeYourSister.app/SwipeYourSister";
			};
			name = Release;
		};
/* End XCBuildConfiguration section */

/* Begin XCConfigurationList section */
		B92A24EB19F516ED002B2BEE /* Build configuration list for PBXProject "SwipeYourSister" */ = {
			isa = XCConfigurationList;
			buildConfigurations = (
				B92A251419F516ED002B2BEE /* Debug */,
				B92A251519F516ED002B2BEE /* Release */,
			);
			defaultConfigurationIsVisible = 0;
			defaultConfigurationName = Release;
		};
		B92A251619F516ED002B2BEE /* Build configuration list for PBXNativeTarget "SwipeYourSister" */ = {
			isa = XCConfigurationList;
			buildConfigurations = (
				B92A251719F516ED002B2BEE /* Debug */,
				B92A251819F516ED002B2BEE /* Release */,
			);
			defaultConfigurationIsVisible = 0;
		};
		B92A251919F516ED002B2BEE /* Build configuration list for PBXNativeTarget "SwipeYourSisterTests" */ = {
			isa = XCConfigurationList;
			buildConfigurations = (
				B92A251A19F516ED002B2BEE /* Debug */,
				B92A251B19F516ED002B2BEE /* Release */,
			);
			defaultConfigurationIsVisible = 0;
		};
/* End XCConfigurationList section */
	};
	rootObject = B92A24E819F516ED002B2BEE /* Project object */;
}
